
Microsoft Visual Studio Solution File, Format Version 12.00
# Visual Studio 15
VisualStudioVersion = 15.0.28307.1231
MinimumVisualStudioVersion = 10.0.40219.1
Project("{FAE04EC0-301F-11D3-BF4B-00C04F79EFBC}") = "ConsoleAppSample", "ConsoleApp1\ConsoleAppSample.csproj", "{4CF85712-0850-4610-898F-95EC3A901D4C}"
EndProject
Global
	GlobalSection(SolutionConfigurationPlatforms) = preSolution
		Debug|Any CPU = Debug|Any CPU
		Release|Any CPU = Release|Any CPU
	EndGlobalSection
	GlobalSection(ProjectConfigurationPlatforms) = postSolution
		{4CF85712-0850-4610-898F-95EC3A901D4C}.Debug|Any CPU.ActiveCfg = Debug|Any CPU
		{4CF85712-0850-4610-898F-95EC3A901D4C}.Debug|Any CPU.Build.0 = Debug|Any CPU
		{4CF85712-0850-4610-898F-95EC3A901D4C}.Release|Any CPU.ActiveCfg = Release|Any CPU
		{4CF85712-0850-4610-898F-95EC3A901D4C}.Release|Any CPU.Build.0 = Release|Any CPU
	EndGlobalSection
	GlobalSection(SolutionProperties) = preSolution
		HideSolutionNode = FALSE
	EndGlobalSection
	GlobalSection(ExtensibilityGlobals) = postSolution
		SolutionGuid = {A099F2D2-3DD4-4509-A59F-B9D86D8CA4A3}
	EndGlobalSection
EndGlobal
